
Microsoft Visual Studio Solution File, Format Version 12.00
# Visual Studio Version 16
VisualStudioVersion = 16.0.29409.12
MinimumVisualStudioVersion = 10.0.40219.1
Project("{FAE04EC0-301F-11D3-BF4B-00C04F79EFBC}") = "AntDesign", "AntDesign\AntDesign.csproj", "{FECF73F0-0954-4AA1-8586-93F0BC0FBD1C}"
EndProject
Global
	GlobalSection(SolutionConfigurationPlatforms) = preSolution
		Debug|Any CPU = Debug|Any CPU
		Release|Any CPU = Release|Any CPU
	EndGlobalSection
	GlobalSection(ProjectConfigurationPlatforms) = postSolution
		{FECF73F0-0954-4AA1-8586-93F0BC0FBD1C}.Debug|Any CPU.ActiveCfg = Debug|Any CPU
		{FECF73F0-0954-4AA1-8586-93F0BC0FBD1C}.Debug|Any CPU.Build.0 = Debug|Any CPU
		{FECF73F0-0954-4AA1-8586-93F0BC0FBD1C}.Release|Any CPU.ActiveCfg = Release|Any CPU
		{FECF73F0-0954-4AA1-8586-93F0BC0FBD1C}.Release|Any CPU.Build.0 = Release|Any CPU
	EndGlobalSection
	GlobalSection(SolutionProperties) = preSolution
		HideSolutionNode = FALSE
	EndGlobalSection
	GlobalSection(ExtensibilityGlobals) = postSolution
		SolutionGuid = {B44D15DA-0EA8-4B57-B2E8-CDAB5C83814F}
	EndGlobalSection
EndGlobal
